
Microsoft Visual Studio Solution File, Format Version 12.00
# Visual Studio Version 17
VisualStudioVersion = 17.7.34024.191
MinimumVisualStudioVersion = 10.0.40219.1
Project("{8BC9CEB8-8B4A-11D0-8D11-00A0C91BC942}") = "Lab3_2", "Lab3_2\Lab3_2.vcxproj", "{762558E5-AA2E-4F50-AEB5-8B5109824C8D}"
EndProject
Global
	GlobalSection(SolutionConfigurationPlatforms) = preSolution
		Debug|x64 = Debug|x64
		Debug|x86 = Debug|x86
		Release|x64 = Release|x64
		Release|x86 = Release|x86
	EndGlobalSection
	GlobalSection(ProjectConfigurationPlatforms) = postSolution
		{762558E5-AA2E-4F50-AEB5-8B5109824C8D}.Debug|x64.ActiveCfg = Debug|x64
		{762558E5-AA2E-4F50-AEB5-8B5109824C8D}.Debug|x64.Build.0 = Debug|x64
		{762558E5-AA2E-4F50-AEB5-8B5109824C8D}.Debug|x86.ActiveCfg = Debug|Win32
		{762558E5-AA2E-4F50-AEB5-8B5109824C8D}.Debug|x86.Build.0 = Debug|Win32
		{762558E5-AA2E-4F50-AEB5-8B5109824C8D}.Release|x64.ActiveCfg = Release|x64
		{762558E5-AA2E-4F50-AEB5-8B5109824C8D}.Release|x64.Build.0 = Release|x64
		{762558E5-AA2E-4F50-AEB5-8B5109824C8D}.Release|x86.ActiveCfg = Release|Win32
		{762558E5-AA2E-4F50-AEB5-8B5109824C8D}.Release|x86.Build.0 = Release|Win32
	EndGlobalSection
	GlobalSection(SolutionProperties) = preSolution
		HideSolutionNode = FALSE
	EndGlobalSection
	GlobalSection(ExtensibilityGlobals) = postSolution
		SolutionGuid = {BFD0DD58-A4BE-4807-BAB4-8763E3FFB32C}
	EndGlobalSection
EndGlobal
